// !$*UTF8*$!
{
	archiveVersion = 1;
	classes = {
	};
	objectVersion = 50;
	objects = {

/* Begin PBXBuildFile section */
		4D8271BCB0A343E3359F97D4 /* Pods_tistic_co.framework in Frameworks */ = {isa = PBXBuildFile; fileRef = 5F487FC4796ACEBB88CBA964 /* Pods_tistic_co.framework */; };
		6326D9F8218F11BB00B63B80 /* MasterViewController.swift in Sources */ = {isa = PBXBuildFile; fileRef = 6326D9F7218F11BB00B63B80 /* MasterViewController.swift */; };
		632F1FCC2188480D009E97DD /* BasicMedInfo.swift in Sources */ = {isa = PBXBuildFile; fileRef = 632F1FCB2188480D009E97DD /* BasicMedInfo.swift */; };
		632F1FCE2188481E009E97DD /* DentalInfo.swift in Sources */ = {isa = PBXBuildFile; fileRef = 632F1FCD2188481E009E97DD /* DentalInfo.swift */; };
		632F1FD02188485A009E97DD /* Storage.swift in Sources */ = {isa = PBXBuildFile; fileRef = 632F1FCF2188485A009E97DD /* Storage.swift */; };
		632F1FD321884B54009E97DD /* Person.swift in Sources */ = {isa = PBXBuildFile; fileRef = 632F1FD221884B54009E97DD /* Person.swift */; };
		63598CE521887A0900835FC7 /* HealthKit.framework in Frameworks */ = {isa = PBXBuildFile; fileRef = 63598CE421887A0900835FC7 /* HealthKit.framework */; };
		63598CE72188E14400835FC7 /* HealthKitProvider.swift in Sources */ = {isa = PBXBuildFile; fileRef = 63598CE62188E14400835FC7 /* HealthKitProvider.swift */; };
		636C096D2180A3FC000D5AC1 /* AppDelegate.swift in Sources */ = {isa = PBXBuildFile; fileRef = 636C096C2180A3FC000D5AC1 /* AppDelegate.swift */; };
		636C09722180A3FC000D5AC1 /* Main.storyboard in Resources */ = {isa = PBXBuildFile; fileRef = 636C09702180A3FC000D5AC1 /* Main.storyboard */; };
		636C09772180A3FD000D5AC1 /* LaunchScreen.storyboard in Resources */ = {isa = PBXBuildFile; fileRef = 636C09752180A3FD000D5AC1 /* LaunchScreen.storyboard */; };
		637B7E39218D8430005D8CA6 /* HealthKitExtensions.swift in Sources */ = {isa = PBXBuildFile; fileRef = 637B7E38218D8430005D8CA6 /* HealthKitExtensions.swift */; };
		637B7E3B218E3DD7005D8CA6 /* DentalTableViewCell.swift in Sources */ = {isa = PBXBuildFile; fileRef = 637B7E3A218E3DD7005D8CA6 /* DentalTableViewCell.swift */; };
		637B7E3D218E433C005D8CA6 /* SummaryTableViewCell.swift in Sources */ = {isa = PBXBuildFile; fileRef = 637B7E3C218E433C005D8CA6 /* SummaryTableViewCell.swift */; };
		638E53AB2185DE5D002946D4 /* Icons.xcassets in Resources */ = {isa = PBXBuildFile; fileRef = 638E53AA2185DE5D002946D4 /* Icons.xcassets */; };
		638E53B12185F1AD002946D4 /* MedicalDataViewController.swift in Sources */ = {isa = PBXBuildFile; fileRef = 638E53B02185F1AD002946D4 /* MedicalDataViewController.swift */; };
		638E53B32185F1BC002946D4 /* DentalDataViewController.swift in Sources */ = {isa = PBXBuildFile; fileRef = 638E53B22185F1BC002946D4 /* DentalDataViewController.swift */; };
		638E53B52185F4E0002946D4 /* MedicalDataEditViewController.swift in Sources */ = {isa = PBXBuildFile; fileRef = 638E53B42185F4E0002946D4 /* MedicalDataEditViewController.swift */; };
/* End PBXBuildFile section */

/* Begin PBXFileReference section */
		5F487FC4796ACEBB88CBA964 /* Pods_tistic_co.framework */ = {isa = PBXFileReference; explicitFileType = wrapper.framework; includeInIndex = 0; path = Pods_tistic_co.framework; sourceTree = BUILT_PRODUCTS_DIR; };
		6326D9F7218F11BB00B63B80 /* MasterViewController.swift */ = {isa = PBXFileReference; lastKnownFileType = sourcecode.swift; path = MasterViewController.swift; sourceTree = "<group>"; };
		632F1FCB2188480D009E97DD /* BasicMedInfo.swift */ = {isa = PBXFileReference; lastKnownFileType = sourcecode.swift; path = BasicMedInfo.swift; sourceTree = "<group>"; };
		632F1FCD2188481E009E97DD /* DentalInfo.swift */ = {isa = PBXFileReference; lastKnownFileType = sourcecode.swift; path = DentalInfo.swift; sourceTree = "<group>"; };
		632F1FCF2188485A009E97DD /* Storage.swift */ = {isa = PBXFileReference; lastKnownFileType = sourcecode.swift; path = Storage.swift; sourceTree = "<group>"; };
		632F1FD221884B54009E97DD /* Person.swift */ = {isa = PBXFileReference; lastKnownFileType = sourcecode.swift; path = Person.swift; sourceTree = "<group>"; };
		63598CE321887A0900835FC7 /* tistic.co.entitlements */ = {isa = PBXFileReference; lastKnownFileType = text.plist.entitlements; path = tistic.co.entitlements; sourceTree = "<group>"; };
		63598CE421887A0900835FC7 /* HealthKit.framework */ = {isa = PBXFileReference; lastKnownFileType = wrapper.framework; name = HealthKit.framework; path = System/Library/Frameworks/HealthKit.framework; sourceTree = SDKROOT; };
		63598CE62188E14400835FC7 /* HealthKitProvider.swift */ = {isa = PBXFileReference; lastKnownFileType = sourcecode.swift; path = HealthKitProvider.swift; sourceTree = "<group>"; };
		636C09692180A3FC000D5AC1 /* tistic.co.app */ = {isa = PBXFileReference; explicitFileType = wrapper.application; includeInIndex = 0; path = tistic.co.app; sourceTree = BUILT_PRODUCTS_DIR; };
		636C096C2180A3FC000D5AC1 /* AppDelegate.swift */ = {isa = PBXFileReference; lastKnownFileType = sourcecode.swift; path = AppDelegate.swift; sourceTree = "<group>"; };
		636C09712180A3FC000D5AC1 /* Base */ = {isa = PBXFileReference; lastKnownFileType = file.storyboard; name = Base; path = Base.lproj/Main.storyboard; sourceTree = "<group>"; };
		636C09762180A3FD000D5AC1 /* Base */ = {isa = PBXFileReference; lastKnownFileType = file.storyboard; name = Base; path = Base.lproj/LaunchScreen.storyboard; sourceTree = "<group>"; };
		636C09782180A3FD000D5AC1 /* Info.plist */ = {isa = PBXFileReference; lastKnownFileType = text.plist.xml; path = Info.plist; sourceTree = "<group>"; };
		637B7E38218D8430005D8CA6 /* HealthKitExtensions.swift */ = {isa = PBXFileReference; lastKnownFileType = sourcecode.swift; path = HealthKitExtensions.swift; sourceTree = "<group>"; };
		637B7E3A218E3DD7005D8CA6 /* DentalTableViewCell.swift */ = {isa = PBXFileReference; lastKnownFileType = sourcecode.swift; path = DentalTableViewCell.swift; sourceTree = "<group>"; };
		637B7E3C218E433C005D8CA6 /* SummaryTableViewCell.swift */ = {isa = PBXFileReference; lastKnownFileType = sourcecode.swift; path = SummaryTableViewCell.swift; sourceTree = "<group>"; };
		638E53AA2185DE5D002946D4 /* Icons.xcassets */ = {isa = PBXFileReference; lastKnownFileType = folder.assetcatalog; name = Icons.xcassets; path = tistic.co/Icons.xcassets; sourceTree = "<group>"; };
		638E53B02185F1AD002946D4 /* MedicalDataViewController.swift */ = {isa = PBXFileReference; lastKnownFileType = sourcecode.swift; path = MedicalDataViewController.swift; sourceTree = "<group>"; };
		638E53B22185F1BC002946D4 /* DentalDataViewController.swift */ = {isa = PBXFileReference; lastKnownFileType = sourcecode.swift; path = DentalDataViewController.swift; sourceTree = "<group>"; };
		638E53B42185F4E0002946D4 /* MedicalDataEditViewController.swift */ = {isa = PBXFileReference; lastKnownFileType = sourcecode.swift; path = MedicalDataEditViewController.swift; sourceTree = "<group>"; };
		B406855434A483238079DB94 /* Pods-tistic.co.debug.xcconfig */ = {isa = PBXFileReference; includeInIndex = 1; lastKnownFileType = text.xcconfig; name = "Pods-tistic.co.debug.xcconfig"; path = "Pods/Target Support Files/Pods-tistic.co/Pods-tistic.co.debug.xcconfig"; sourceTree = "<group>"; };
		C908BC08014B807BBC8C4ABF /* Pods-tistic.co.release.xcconfig */ = {isa = PBXFileReference; includeInIndex = 1; lastKnownFileType = text.xcconfig; name = "Pods-tistic.co.release.xcconfig"; path = "Pods/Target Support Files/Pods-tistic.co/Pods-tistic.co.release.xcconfig"; sourceTree = "<group>"; };
/* End PBXFileReference section */

/* Begin PBXFrameworksBuildPhase section */
		636C09662180A3FC000D5AC1 /* Frameworks */ = {
			isa = PBXFrameworksBuildPhase;
			buildActionMask = 2147483647;
			files = (
				4D8271BCB0A343E3359F97D4 /* Pods_tistic_co.framework in Frameworks */,
				63598CE521887A0900835FC7 /* HealthKit.framework in Frameworks */,
			);
			runOnlyForDeploymentPostprocessing = 0;
		};
/* End PBXFrameworksBuildPhase section */

/* Begin PBXGroup section */
		1E5F2E67206734916829D3F2 /* Frameworks */ = {
			isa = PBXGroup;
			children = (
				63598CE421887A0900835FC7 /* HealthKit.framework */,
				5F487FC4796ACEBB88CBA964 /* Pods_tistic_co.framework */,
			);
			name = Frameworks;
			sourceTree = "<group>";
		};
		632F1FD121884B2D009E97DD /* Model */ = {
			isa = PBXGroup;
			children = (
				632F1FCF2188485A009E97DD /* Storage.swift */,
				632F1FCD2188481E009E97DD /* DentalInfo.swift */,
				632F1FCB2188480D009E97DD /* BasicMedInfo.swift */,
				632F1FD221884B54009E97DD /* Person.swift */,
			);
			path = Model;
			sourceTree = "<group>";
		};
		636C09602180A3FC000D5AC1 = {
			isa = PBXGroup;
			children = (
				636C096B2180A3FC000D5AC1 /* tistic.co */,
				636C096A2180A3FC000D5AC1 /* Products */,
				638E53AA2185DE5D002946D4 /* Icons.xcassets */,
				C8639D251DF2C648B5D49855 /* Pods */,
				1E5F2E67206734916829D3F2 /* Frameworks */,
			);
			sourceTree = "<group>";
		};
		636C096A2180A3FC000D5AC1 /* Products */ = {
			isa = PBXGroup;
			children = (
				636C09692180A3FC000D5AC1 /* tistic.co.app */,
			);
			name = Products;
			sourceTree = "<group>";
		};
		636C096B2180A3FC000D5AC1 /* tistic.co */ = {
			isa = PBXGroup;
			children = (
				63598CE321887A0900835FC7 /* tistic.co.entitlements */,
				636C096C2180A3FC000D5AC1 /* AppDelegate.swift */,
				632F1FD121884B2D009E97DD /* Model */,
				636C09702180A3FC000D5AC1 /* Main.storyboard */,
				636C09752180A3FD000D5AC1 /* LaunchScreen.storyboard */,
				638E53B22185F1BC002946D4 /* DentalDataViewController.swift */,
				637B7E3A218E3DD7005D8CA6 /* DentalTableViewCell.swift */,
				6326D9F7218F11BB00B63B80 /* MasterViewController.swift */,
				637B7E3C218E433C005D8CA6 /* SummaryTableViewCell.swift */,
				638E53B02185F1AD002946D4 /* MedicalDataViewController.swift */,
				637B7E38218D8430005D8CA6 /* HealthKitExtensions.swift */,
				63598CE62188E14400835FC7 /* HealthKitProvider.swift */,
				638E53B42185F4E0002946D4 /* MedicalDataEditViewController.swift */,
				636C09782180A3FD000D5AC1 /* Info.plist */,
			);
			path = tistic.co;
			sourceTree = "<group>";
		};
		C8639D251DF2C648B5D49855 /* Pods */ = {
			isa = PBXGroup;
			children = (
				B406855434A483238079DB94 /* Pods-tistic.co.debug.xcconfig */,
				C908BC08014B807BBC8C4ABF /* Pods-tistic.co.release.xcconfig */,
			);
			name = Pods;
			sourceTree = "<group>";
		};
/* End PBXGroup section */

/* Begin PBXNativeTarget section */
		636C09682180A3FC000D5AC1 /* tistic.co */ = {
			isa = PBXNativeTarget;
			buildConfigurationList = 636C097B2180A3FD000D5AC1 /* Build configuration list for PBXNativeTarget "tistic.co" */;
			buildPhases = (
				C51C67123C6B1F6910C9C610 /* [CP] Check Pods Manifest.lock */,
				636C09652180A3FC000D5AC1 /* Sources */,
				636C09662180A3FC000D5AC1 /* Frameworks */,
				636C09672180A3FC000D5AC1 /* Resources */,
				9FE9B8AF6451D632A348A5E3 /* [CP] Embed Pods Frameworks */,
			);
			buildRules = (
			);
			dependencies = (
			);
			name = tistic.co;
			productName = tistic.co;
			productReference = 636C09692180A3FC000D5AC1 /* tistic.co.app */;
			productType = "com.apple.product-type.application";
		};
/* End PBXNativeTarget section */

/* Begin PBXProject section */
		636C09612180A3FC000D5AC1 /* Project object */ = {
			isa = PBXProject;
			attributes = {
				LastSwiftUpdateCheck = 1000;
				LastUpgradeCheck = 1000;
				ORGANIZATIONNAME = "Yan Khamutouski";
				TargetAttributes = {
					636C09682180A3FC000D5AC1 = {
						CreatedOnToolsVersion = 10.0;
						SystemCapabilities = {
							com.apple.HealthKit = {
								enabled = 1;
							};
						};
					};
				};
			};
			buildConfigurationList = 636C09642180A3FC000D5AC1 /* Build configuration list for PBXProject "tistic.co" */;
			compatibilityVersion = "Xcode 9.3";
			developmentRegion = en;
			hasScannedForEncodings = 0;
			knownRegions = (
				en,
				Base,
			);
			mainGroup = 636C09602180A3FC000D5AC1;
			productRefGroup = 636C096A2180A3FC000D5AC1 /* Products */;
			projectDirPath = "";
			projectRoot = "";
			targets = (
				636C09682180A3FC000D5AC1 /* tistic.co */,
			);
		};
/* End PBXProject section */

/* Begin PBXResourcesBuildPhase section */
		636C09672180A3FC000D5AC1 /* Resources */ = {
			isa = PBXResourcesBuildPhase;
			buildActionMask = 2147483647;
			files = (
				636C09772180A3FD000D5AC1 /* LaunchScreen.storyboard in Resources */,
				638E53AB2185DE5D002946D4 /* Icons.xcassets in Resources */,
				636C09722180A3FC000D5AC1 /* Main.storyboard in Resources */,
			);
			runOnlyForDeploymentPostprocessing = 0;
		};
/* End PBXResourcesBuildPhase section */

/* Begin PBXShellScriptBuildPhase section */
		9FE9B8AF6451D632A348A5E3 /* [CP] Embed Pods Frameworks */ = {
			isa = PBXShellScriptBuildPhase;
			buildActionMask = 2147483647;
			files = (
			);
			inputPaths = (
				"${SRCROOT}/Pods/Target Support Files/Pods-tistic.co/Pods-tistic.co-frameworks.sh",
				"${BUILT_PRODUCTS_DIR}/IQKeyboardManagerSwift/IQKeyboardManagerSwift.framework",
			);
			name = "[CP] Embed Pods Frameworks";
			outputPaths = (
				"${TARGET_BUILD_DIR}/${FRAMEWORKS_FOLDER_PATH}/IQKeyboardManagerSwift.framework",
			);
			runOnlyForDeploymentPostprocessing = 0;
			shellPath = /bin/sh;
			shellScript = "\"${SRCROOT}/Pods/Target Support Files/Pods-tistic.co/Pods-tistic.co-frameworks.sh\"\n";
			showEnvVarsInLog = 0;
		};
		C51C67123C6B1F6910C9C610 /* [CP] Check Pods Manifest.lock */ = {
			isa = PBXShellScriptBuildPhase;
			buildActionMask = 2147483647;
			files = (
			);
			inputPaths = (
				"${PODS_PODFILE_DIR_PATH}/Podfile.lock",
				"${PODS_ROOT}/Manifest.lock",
			);
			name = "[CP] Check Pods Manifest.lock";
			outputPaths = (
				"$(DERIVED_FILE_DIR)/Pods-tistic.co-checkManifestLockResult.txt",
			);
			runOnlyForDeploymentPostprocessing = 0;
			shellPath = /bin/sh;
			shellScript = "diff \"${PODS_PODFILE_DIR_PATH}/Podfile.lock\" \"${PODS_ROOT}/Manifest.lock\" > /dev/null\nif [ $? != 0 ] ; then\n    # print error to STDERR\n    echo \"error: The sandbox is not in sync with the Podfile.lock. Run 'pod install' or update your CocoaPods installation.\" >&2\n    exit 1\nfi\n# This output is used by Xcode 'outputs' to avoid re-running this script phase.\necho \"SUCCESS\" > \"${SCRIPT_OUTPUT_FILE_0}\"\n";
			showEnvVarsInLog = 0;
		};
/* End PBXShellScriptBuildPhase section */

/* Begin PBXSourcesBuildPhase section */
		636C09652180A3FC000D5AC1 /* Sources */ = {
			isa = PBXSourcesBuildPhase;
			buildActionMask = 2147483647;
			files = (
				638E53B52185F4E0002946D4 /* MedicalDataEditViewController.swift in Sources */,
				632F1FD02188485A009E97DD /* Storage.swift in Sources */,
				637B7E3B218E3DD7005D8CA6 /* DentalTableViewCell.swift in Sources */,
				632F1FCE2188481E009E97DD /* DentalInfo.swift in Sources */,
				638E53B32185F1BC002946D4 /* DentalDataViewController.swift in Sources */,
				637B7E39218D8430005D8CA6 /* HealthKitExtensions.swift in Sources */,
				638E53B12185F1AD002946D4 /* MedicalDataViewController.swift in Sources */,
				636C096D2180A3FC000D5AC1 /* AppDelegate.swift in Sources */,
				63598CE72188E14400835FC7 /* HealthKitProvider.swift in Sources */,
				632F1FD321884B54009E97DD /* Person.swift in Sources */,
				637B7E3D218E433C005D8CA6 /* SummaryTableViewCell.swift in Sources */,
				632F1FCC2188480D009E97DD /* BasicMedInfo.swift in Sources */,
				6326D9F8218F11BB00B63B80 /* MasterViewController.swift in Sources */,
			);
			runOnlyForDeploymentPostprocessing = 0;
		};
/* End PBXSourcesBuildPhase section */

/* Begin PBXVariantGroup section */
		636C09702180A3FC000D5AC1 /* Main.storyboard */ = {
			isa = PBXVariantGroup;
			children = (
				636C09712180A3FC000D5AC1 /* Base */,
			);
			name = Main.storyboard;
			sourceTree = "<group>";
		};
		636C09752180A3FD000D5AC1 /* LaunchScreen.storyboard */ = {
			isa = PBXVariantGroup;
			children = (
				636C09762180A3FD000D5AC1 /* Base */,
			);
			name = LaunchScreen.storyboard;
			sourceTree = "<group>";
		};
/* End PBXVariantGroup section */

/* Begin XCBuildConfiguration section */
		636C09792180A3FD000D5AC1 /* Debug */ = {
			isa = XCBuildConfiguration;
			buildSettings = {
				ALWAYS_SEARCH_USER_PATHS = NO;
				CLANG_ANALYZER_NONNULL = YES;
				CLANG_ANALYZER_NUMBER_OBJECT_CONVERSION = YES_AGGRESSIVE;
				CLANG_CXX_LANGUAGE_STANDARD = "gnu++14";
				CLANG_CXX_LIBRARY = "libc++";
				CLANG_ENABLE_MODULES = YES;
				CLANG_ENABLE_OBJC_ARC = YES;
				CLANG_ENABLE_OBJC_WEAK = YES;
				CLANG_WARN_BLOCK_CAPTURE_AUTORELEASING = YES;
				CLANG_WARN_BOOL_CONVERSION = YES;
				CLANG_WARN_COMMA = YES;
				CLANG_WARN_CONSTANT_CONVERSION = YES;
				CLANG_WARN_DEPRECATED_OBJC_IMPLEMENTATIONS = YES;
				CLANG_WARN_DIRECT_OBJC_ISA_USAGE = YES_ERROR;
				CLANG_WARN_DOCUMENTATION_COMMENTS = YES;
				CLANG_WARN_EMPTY_BODY = YES;
				CLANG_WARN_ENUM_CONVERSION = YES;
				CLANG_WARN_INFINITE_RECURSION = YES;
				CLANG_WARN_INT_CONVERSION = YES;
				CLANG_WARN_NON_LITERAL_NULL_CONVERSION = YES;
				CLANG_WARN_OBJC_IMPLICIT_RETAIN_SELF = YES;
				CLANG_WARN_OBJC_LITERAL_CONVERSION = YES;
				CLANG_WARN_OBJC_ROOT_CLASS = YES_ERROR;
				CLANG_WARN_RANGE_LOOP_ANALYSIS = YES;
				CLANG_WARN_STRICT_PROTOTYPES = YES;
				CLANG_WARN_SUSPICIOUS_MOVE = YES;
				CLANG_WARN_UNGUARDED_AVAILABILITY = YES_AGGRESSIVE;
				CLANG_WARN_UNREACHABLE_CODE = YES;
				CLANG_WARN__DUPLICATE_METHOD_MATCH = YES;
				CODE_SIGN_IDENTITY = "iPhone Developer";
				COPY_PHASE_STRIP = NO;
				DEBUG_INFORMATION_FORMAT = dwarf;
				ENABLE_STRICT_OBJC_MSGSEND = YES;
				ENABLE_TESTABILITY = YES;
				GCC_C_LANGUAGE_STANDARD = gnu11;
				GCC_DYNAMIC_NO_PIC = NO;
				GCC_NO_COMMON_BLOCKS = YES;
				GCC_OPTIMIZATION_LEVEL = 0;
				GCC_PREPROCESSOR_DEFINITIONS = (
					"DEBUG=1",
					"$(inherited)",
				);
				GCC_WARN_64_TO_32_BIT_CONVERSION = YES;
				GCC_WARN_ABOUT_RETURN_TYPE = YES_ERROR;
				GCC_WARN_UNDECLARED_SELECTOR = YES;
				GCC_WARN_UNINITIALIZED_AUTOS = YES_AGGRESSIVE;
				GCC_WARN_UNUSED_FUNCTION = YES;
				GCC_WARN_UNUSED_VARIABLE = YES;
				IPHONEOS_DEPLOYMENT_TARGET = 12.0;
				MTL_ENABLE_DEBUG_INFO = INCLUDE_SOURCE;
				MTL_FAST_MATH = YES;
				ONLY_ACTIVE_ARCH = YES;
				SDKROOT = iphoneos;
				SWIFT_ACTIVE_COMPILATION_CONDITIONS = DEBUG;
				SWIFT_OPTIMIZATION_LEVEL = "-Onone";
			};
			name = Debug;
		};
		636C097A2180A3FD000D5AC1 /* Release */ = {
			isa = XCBuildConfiguration;
			buildSettings = {
				ALWAYS_SEARCH_USER_PATHS = NO;
				CLANG_ANALYZER_NONNULL = YES;
				CLANG_ANALYZER_NUMBER_OBJECT_CONVERSION = YES_AGGRESSIVE;
				CLANG_CXX_LANGUAGE_STANDARD = "gnu++14";
				CLANG_CXX_LIBRARY = "libc++";
				CLANG_ENABLE_MODULES = YES;
				CLANG_ENABLE_OBJC_ARC = YES;
				CLANG_ENABLE_OBJC_WEAK = YES;
				CLANG_WARN_BLOCK_CAPTURE_AUTORELEASING = YES;
				CLANG_WARN_BOOL_CONVERSION = YES;
				CLANG_WARN_COMMA = YES;
				CLANG_WARN_CONSTANT_CONVERSION = YES;
				CLANG_WARN_DEPRECATED_OBJC_IMPLEMENTATIONS = YES;
				CLANG_WARN_DIRECT_OBJC_ISA_USAGE = YES_ERROR;
				CLANG_WARN_DOCUMENTATION_COMMENTS = YES;
				CLANG_WARN_EMPTY_BODY = YES;
				CLANG_WARN_ENUM_CONVERSION = YES;
				CLANG_WARN_INFINITE_RECURSION = YES;
				CLANG_WARN_INT_CONVERSION = YES;
				CLANG_WARN_NON_LITERAL_NULL_CONVERSION = YES;
				CLANG_WARN_OBJC_IMPLICIT_RETAIN_SELF = YES;
				CLANG_WARN_OBJC_LITERAL_CONVERSION = YES;
				CLANG_WARN_OBJC_ROOT_CLASS = YES_ERROR;
				CLANG_WARN_RANGE_LOOP_ANALYSIS = YES;
				CLANG_WARN_STRICT_PROTOTYPES = YES;
				CLANG_WARN_SUSPICIOUS_MOVE = YES;
				CLANG_WARN_UNGUARDED_AVAILABILITY = YES_AGGRESSIVE;
				CLANG_WARN_UNREACHABLE_CODE = YES;
				CLANG_WARN__DUPLICATE_METHOD_MATCH = YES;
				CODE_SIGN_IDENTITY = "iPhone Developer";
				COPY_PHASE_STRIP = NO;
				DEBUG_INFORMATION_FORMAT = "dwarf-with-dsym";
				ENABLE_NS_ASSERTIONS = NO;
				ENABLE_STRICT_OBJC_MSGSEND = YES;
				GCC_C_LANGUAGE_STANDARD = gnu11;
				GCC_NO_COMMON_BLOCKS = YES;
				GCC_WARN_64_TO_32_BIT_CONVERSION = YES;
				GCC_WARN_ABOUT_RETURN_TYPE = YES_ERROR;
				GCC_WARN_UNDECLARED_SELECTOR = YES;
				GCC_WARN_UNINITIALIZED_AUTOS = YES_AGGRESSIVE;
				GCC_WARN_UNUSED_FUNCTION = YES;
				GCC_WARN_UNUSED_VARIABLE = YES;
				IPHONEOS_DEPLOYMENT_TARGET = 12.0;
				MTL_ENABLE_DEBUG_INFO = NO;
				MTL_FAST_MATH = YES;
				SDKROOT = iphoneos;
				SWIFT_COMPILATION_MODE = wholemodule;
				SWIFT_OPTIMIZATION_LEVEL = "-O";
				VALIDATE_PRODUCT = YES;
			};
			name = Release;
		};
		636C097C2180A3FD000D5AC1 /* Debug */ = {
			isa = XCBuildConfiguration;
			baseConfigurationReference = B406855434A483238079DB94 /* Pods-tistic.co.debug.xcconfig */;
			buildSettings = {
				ASSETCATALOG_COMPILER_APPICON_NAME = "AppIcon-2";
				ASSETCATALOG_COMPILER_LAUNCHIMAGE_NAME = LaunchImage;
				CODE_SIGN_ENTITLEMENTS = tistic.co/tistic.co.entitlements;
				CODE_SIGN_STYLE = Automatic;
				DEVELOPMENT_TEAM = EJUZ724HXE;
				INFOPLIST_FILE = tistic.co/Info.plist;
				LD_RUNPATH_SEARCH_PATHS = (
					"$(inherited)",
					"@executable_path/Frameworks",
				);
				PRODUCT_BUNDLE_IDENTIFIER = "by.bsuir.khamutouski.tistic-co";
				PRODUCT_NAME = "$(TARGET_NAME)";
				SWIFT_VERSION = 4.2;
				TARGETED_DEVICE_FAMILY = 1;
			};
			name = Debug;
		};
		636C097D2180A3FD000D5AC1 /* Release */ = {
			isa = XCBuildConfiguration;
			baseConfigurationReference = C908BC08014B807BBC8C4ABF /* Pods-tistic.co.release.xcconfig */;
			buildSettings = {
				ASSETCATALOG_COMPILER_APPICON_NAME = "AppIcon-2";
				ASSETCATALOG_COMPILER_LAUNCHIMAGE_NAME = LaunchImage;
				CODE_SIGN_ENTITLEMENTS = tistic.co/tistic.co.entitlements;
				CODE_SIGN_STYLE = Automatic;
				DEVELOPMENT_TEAM = EJUZ724HXE;
				INFOPLIST_FILE = tistic.co/Info.plist;
				LD_RUNPATH_SEARCH_PATHS = (
					"$(inherited)",
					"@executable_path/Frameworks",
				);
				PRODUCT_BUNDLE_IDENTIFIER = "by.bsuir.khamutouski.tistic-co";
				PRODUCT_NAME = "$(TARGET_NAME)";
				SWIFT_VERSION = 4.2;
				TARGETED_DEVICE_FAMILY = 1;
			};
			name = Release;
		};
/* End XCBuildConfiguration section */

/* Begin XCConfigurationList section */
		636C09642180A3FC000D5AC1 /* Build configuration list for PBXProject "tistic.co" */ = {
			isa = XCConfigurationList;
			buildConfigurations = (
				636C09792180A3FD000D5AC1 /* Debug */,
				636C097A2180A3FD000D5AC1 /* Release */,
			);
			defaultConfigurationIsVisible = 0;
			defaultConfigurationName = Release;
		};
		636C097B2180A3FD000D5AC1 /* Build configuration list for PBXNativeTarget "tistic.co" */ = {
			isa = XCConfigurationList;
			buildConfigurations = (
				636C097C2180A3FD000D5AC1 /* Debug */,
				636C097D2180A3FD000D5AC1 /* Release */,
			);
			defaultConfigurationIsVisible = 0;
			defaultConfigurationName = Release;
		};
/* End XCConfigurationList section */
	};
	rootObject = 636C09612180A3FC000D5AC1 /* Project object */;
}
